PATH
  remote: .
  specs:
    ymd (0.2.0)

GEM
  remote: https://rubygems.org/
  specs:
    minitest (5.27.0)
    rake (13.3.1)
    timecop (0.9.10)

PLATFORMS
  arm64-darwin-24
  ruby

DEPENDENCIES
  minitest (~> 5.0)
  rake (~> 13.0)
  timecop (~> 0.9)
  ymd!

CHECKSUMS
  minitest (5.27.0) sha256=2d3b17f8a36fe7801c1adcffdbc38233b938eb0b4966e97a6739055a45fa77d5
  rake (13.3.1) sha256=8c9e89d09f66a26a01264e7e3480ec0607f0c497a861ef16063604b1b08eb19c
  timecop (0.9.10) sha256=12ba45ce57cdcf6b1043cb6cdffa6381fd89ce10d369c28a7f6f04dc1b0cd8eb
  ymd (0.2.0)

BUNDLED WITH
  4.0.7
